{
    "hash": "e419d29306ad04e71ab2f147f4d488ff",
    "packages": [
        {
            "name": "doctrine/common",
            "version": "2.3.0",
            "source": {
                "type": "git",
                "url": "https://github.com/doctrine/common",
                "reference": "2.3.0"
            },
            "dist": {
                "type": "zip",
                "url": "https://github.com/doctrine/common/zipball/2.3.0",
                "reference": "2.3.0",
                "shasum": ""
            },
            "require": {
                "php": ">=5.3.2"
            },
            "time": "2012-09-19 22:55:18",
            "type": "library",
            "extra": {
                "branch-alias": {
                    "dev-master": "2.3.x-dev"
                }
            },
            "installation-source": "dist",
            "autoload": {
                "psr-0": {
                    "Doctrine\\Common": "lib/"
                }
            },
            "notification-url": "https://packagist.org/downloads/",
            "license": [
                "MIT"
            ],
            "authors": [
                {
                    "name": "Jonathan Wage",
                    "email": "jonwage@gmail.com",
                    "homepage": "http://www.jwage.com/"
                },
                {
                    "name": "Guilherme Blanco",
                    "email": "guilhermeblanco@gmail.com",
                    "homepage": "http://www.instaclick.com"
                },
                {
                    "name": "Roman Borschel",
                    "email": "roman@code-factory.org"
                },
                {
                    "name": "Benjamin Eberlei",
                    "email": "kontakt@beberlei.de"
                },
                {
                    "name": "Johannes M. Schmitt",
                    "email": "schmittjoh@gmail.com",
                    "homepage": "https://github.com/schmittjoh",
                    "role": "Developer of wrapped JMSSerializerBundle"
                }
            ],
            "description": "Common Library for Doctrine projects",
            "homepage": "http://www.doctrine-project.org",
            "keywords": [
                "collections",
                "spl",
                "eventmanager",
                "annotations",
                "persistence"
            ]
        },
        {
            "name": "fresque/fresque",
            "version": "1.1.0",
            "source": {
                "type": "git",
                "url": "https://github.com/kamisama/Fresque",
                "reference": "1.1.0"
            },
            "dist": {
                "type": "zip",
                "url": "https://github.com/kamisama/Fresque/zipball/1.1.0",
                "reference": "1.1.0",
                "shasum": ""
            },
            "require": {
                "php": ">=5.3.0",
                "zetacomponents/console-tools": ">=1.6",
                "zetacomponents/base": ">=1.8"
            },
            "suggest": {
                "kamisama/php-resque-ex": "PHP port of Resque, with phpredis support, and more logging options"
            },
            "time": "2012-09-10 20:27:19",
            "type": "library",
            "installation-source": "dist",
            "notification-url": "https://packagist.org/downloads/",
            "license": [
                "MIT"
            ],
            "authors": [
                {
                    "name": "Wan Chen",
                    "email": "kami@kamisama.me",
                    "homepage": "http://www.kamisama.me",
                    "role": "Developer"
                }
            ],
            "description": "A command line tool to manage your php-resque workers",
            "homepage": "http://kamisama.github.com/Fresque/",
            "keywords": [
                "redis",
                "cli",
                "php-resque",
                "resque"
            ]
        },
        {
            "name": "kamisama/monolog-init",
            "version": "0.1.1",
            "source": {
                "type": "git",
                "url": "https://github.com/kamisama/Monolog-Init",
                "reference": "0.1.1"
            },
            "dist": {
                "type": "zip",
                "url": "https://github.com/kamisama/Monolog-Init/zipball/0.1.1",
                "reference": "0.1.1",
                "shasum": ""
            },
            "require": {
                "php": ">=5.3.0",
                "monolog/monolog": ">=1.2.0"
            },
            "time": "2012-09-27 12:17:01",
            "type": "library",
            "installation-source": "dist",
            "autoload": {
                "psr-0": {
                    "MonologInit": "src/"
                }
            },
            "notification-url": "https://packagist.org/downloads/",
            "license": [
                "MIT"
            ],
            "authors": [
                {
                    "name": "Wan Chen",
                    "email": "kami@kamisama.me",
                    "homepage": "http://www.kamisama.me",
                    "role": "Developer"
                }
            ],
            "description": "Very basic and light Dependency Injector Container for Monolog",
            "homepage": "http://www.github.com/kamisama/monolog-init/",
            "keywords": [
                "log"
            ]
        },
        {
            "name": "monolog/monolog",
            "version": "1.3.0",
            "source": {
                "type": "git",
                "url": "https://github.com/Seldaek/monolog",
                "reference": "1.3.0"
            },
            "dist": {
                "type": "zip",
                "url": "https://github.com/Seldaek/monolog/archive/1.3.0.zip",
                "reference": "1.3.0",
                "shasum": ""
            },
            "require": {
                "php": ">=5.3.0",
                "psr/log": ">=1.0,<2.0"
            },
            "require-dev": {
                "mlehner/gelf-php": "1.0.*",
                "raven/raven": "0.3.*",
                "doctrine/couchdb": "dev-master"
            },
            "suggest": {
                "mlehner/gelf-php": "Allow sending log messages to a GrayLog2 server",
                "raven/raven": "Allow sending log messages to a Sentry server",
                "doctrine/couchdb": "Allow sending log messages to a CouchDB server",
                "ext-amqp": "Allow sending log messages to an AMQP server (1.0+ required)",
                "ext-mongo": "Allow sending log messages to a MongoDB server"
            },
            "time": "2013-01-07 20:26:46",
            "type": "library",
            "extra": {
                "branch-alias": {
                    "dev-master": "1.3.x-dev"
                }
            },
            "installation-source": "dist",
            "autoload": {
                "psr-0": {
                    "Monolog": "src/"
                }
            },
            "notification-url": "https://packagist.org/downloads/",
            "license": [
                "MIT"
            ],
            "authors": [
                {
                    "name": "Jordi Boggiano",
                    "email": "j.boggiano@seld.be",
                    "homepage": "http://seld.be",
                    "role": "Developer"
                }
            ],
            "description": "Sends your logs to files, sockets, inboxes, databases and various web services",
            "homepage": "http://github.com/Seldaek/monolog",
            "keywords": [
                "log",
                "logging",
                "psr-3"
            ]
        },
        {
            "name": "mtdowling/cron-expression",
            "version": "dev-master",
            "source": {
                "type": "git",
                "url": "https://github.com/mtdowling/cron-expression",
                "reference": "8e6e6f7a2fcfc3c60148b45349a7badc1ec1662d"
            },
            "dist": {
                "type": "zip",
                "url": "https://github.com/mtdowling/cron-expression/archive/8e6e6f7a2fcfc3c60148b45349a7badc1ec1662d.zip",
                "reference": "8e6e6f7a2fcfc3c60148b45349a7badc1ec1662d",
                "shasum": ""
            },
            "require": {
                "php": ">=5.3.2"
            },
            "time": "2012-08-23 21:14:29",
            "type": "library",
            "installation-source": "source",
            "autoload": {
                "psr-0": {
                    "Cron": "src/"
                }
            },
            "notification-url": "https://packagist.org/downloads/",
            "license": [
                "MIT"
            ],
            "authors": [
                {
                    "name": "Michael Dowling",
                    "email": "mtdowling@gmail.com",
                    "homepage": "https://github.com/mtdowling"
                }
            ],
            "description": "CRON for PHP: Calculate the next or previous run date and determine if a CRON expression is due",
            "keywords": [
                "cron",
                "schedule"
            ]
        },
        {
            "name": "psr/log",
            "version": "1.0.0",
            "source": {
                "type": "git",
                "url": "https://github.com/php-fig/log",
                "reference": "1.0.0"
            },
            "dist": {
                "type": "zip",
                "url": "https://github.com/php-fig/log/archive/1.0.0.zip",
                "reference": "1.0.0",
                "shasum": ""
            },
            "time": "2012-12-21 11:40:51",
            "type": "library",
            "installation-source": "dist",
            "autoload": {
                "psr-0": {
                    "Psr\\Log\\": ""
                }
            },
            "notification-url": "https://packagist.org/downloads/",
            "license": [
                "MIT"
            ],
            "authors": [
                {
                    "name": "PHP-FIG",
                    "homepage": "http://www.php-fig.org/"
                }
            ],
            "description": "Common interface for logging libraries",
            "keywords": [
                "log",
                "psr",
                "psr-3"
            ]
        },
        {
            "name": "shonm/php-resque",
            "version": "dev-master",
            "source": {
                "type": "git",
                "url": "https://github.com/ShonM/php-resque",
                "reference": "f76dea2109135228d590b85fe681b8380e6b6240"
            },
            "dist": {
                "type": "zip",
                "url": "https://github.com/ShonM/php-resque/archive/f76dea2109135228d590b85fe681b8380e6b6240.zip",
                "reference": "f76dea2109135228d590b85fe681b8380e6b6240",
                "shasum": ""
            },
            "require": {
                "php": ">=5.3.0",
                "monolog/monolog": ">=1.2.0",
                "fresque/fresque": ">=0.2.5",
                "kamisama/monolog-init": ">=0.1.1"
            },
            "conflict": {
                "chrisboulton/php-resque": "*"
            },
            "time": "2013-01-09 15:03:35",
            "type": "library",
            "installation-source": "source",
            "autoload": {
                "psr-0": {
                    "Resque": "lib"
                }
            },
            "notification-url": "https://packagist.org/downloads/",
            "license": [
                "MIT"
            ],
            "authors": [
                {
                    "name": "Wan Chen",
                    "email": "kami@kamisama.me",
                    "homepage": "http://www.kamisama.me",
                    "role": "Developer"
                },
                {
                    "name": "Chris Boulton",
                    "email": "chris@bigcommerce.com"
                },
                {
                    "name": "Shon Munro",
                    "email": "him@shonm.com",
                    "homepage": "http://shonm.com"
                }
            ],
            "description": "Redis backed library for creating background jobs and processing them later. PHP port based on resque for Ruby.",
            "homepage": "http://www.github.com/ShonM/php-resque/",
            "keywords": [
                "redis",
                "queue",
                "php",
                "background",
                "resque",
                "job"
            ]
        },
        {
            "name": "symfony/symfony",
            "version": "v2.1.6",
            "source": {
                "type": "git",
                "url": "git://github.com/symfony/symfony.git",
                "reference": "v2.1.6"
            },
            "dist": {
                "type": "zip",
                "url": "https://github.com/symfony/symfony/archive/v2.1.6.zip",
                "reference": "v2.1.6",
                "shasum": ""
            },
            "require": {
                "php": ">=5.3.3",
                "doctrine/common": ">2.2,<2.4-dev",
                "twig/twig": ">=1.9.1,<2.0-dev"
            },
            "replace": {
                "symfony/doctrine-bridge": "self.version",
                "symfony/monolog-bridge": "self.version",
                "symfony/propel1-bridge": "self.version",
                "symfony/swiftmailer-bridge": "self.version",
                "symfony/twig-bridge": "self.version",
                "symfony/framework-bundle": "self.version",
                "symfony/security-bundle": "self.version",
                "symfony/twig-bundle": "self.version",
                "symfony/web-profiler-bundle": "self.version",
                "symfony/browser-kit": "self.version",
                "symfony/class-loader": "self.version",
                "symfony/config": "self.version",
                "symfony/console": "self.version",
                "symfony/css-selector": "self.version",
                "symfony/dependency-injection": "self.version",
                "symfony/dom-crawler": "self.version",
                "symfony/event-dispatcher": "self.version",
                "symfony/filesystem": "self.version",
                "symfony/finder": "self.version",
                "symfony/form": "self.version",
                "symfony/http-foundation": "self.version",
                "symfony/http-kernel": "self.version",
                "symfony/locale": "self.version",
                "symfony/options-resolver": "self.version",
                "symfony/process": "self.version",
                "symfony/routing": "self.version",
                "symfony/security": "self.version",
                "symfony/serializer": "self.version",
                "symfony/templating": "self.version",
                "symfony/translation": "self.version",
                "symfony/validator": "self.version",
                "symfony/yaml": "self.version"
            },
            "require-dev": {
                "doctrine/dbal": ">=2.2,<2.4-dev",
                "doctrine/orm": ">=2.2.3,<2.4-dev",
                "doctrine/data-fixtures": "1.0.*",
                "propel/propel1": "dev-master",
                "monolog/monolog": "1.*"
            },
            "time": "2012-12-21 10:24:53",
            "type": "library",
            "installation-source": "dist",
            "autoload": {
                "psr-0": {
                    "Symfony": "src/",
                    "SessionHandlerInterface": "src/Symfony/Component/HttpFoundation/Resources/stubs"
                }
            },
            "notification-url": "https://packagist.org/downloads/",
            "license": [
                "MIT"
            ],
            "authors": [
                {
                    "name": "Fabien Potencier",
                    "email": "fabien@symfony.com"
                },
                {
                    "name": "Symfony Community",
                    "homepage": "http://symfony.com/contributors"
                }
            ],
            "description": "The Symfony PHP framework",
            "homepage": "http://symfony.com",
            "keywords": [
                "framework"
            ]
        },
        {
            "name": "twig/twig",
            "version": "v1.12.0",
            "source": {
                "type": "git",
                "url": "git://github.com/fabpot/Twig.git",
                "reference": "v1.12.0"
            },
            "dist": {
                "type": "zip",
                "url": "https://github.com/fabpot/Twig/archive/v1.12.0.zip",
                "reference": "v1.12.0",
                "shasum": ""
            },
            "require": {
                "php": ">=5.2.4"
            },
            "time": "2013-01-08 13:42:43",
            "type": "library",
            "extra": {
                "branch-alias": {
                    "dev-master": "1.12-dev"
                }
            },
            "installation-source": "dist",
            "autoload": {
                "psr-0": {
                    "Twig_": "lib/"
                }
            },
            "notification-url": "https://packagist.org/downloads/",
            "license": [
                "BSD-3"
            ],
            "authors": [
                {
                    "name": "Fabien Potencier",
                    "email": "fabien@symfony.com"
                },
                {
                    "name": "Armin Ronacher",
                    "email": "armin.ronacher@active-4.com"
                }
            ],
            "description": "Twig, the flexible, fast, and secure template language for PHP",
            "homepage": "http://twig.sensiolabs.org",
            "keywords": [
                "templating"
            ]
        },
        {
            "name": "zetacomponents/base",
            "version": "1.8",
            "source": {
                "type": "git",
                "url": "https://github.com/zetacomponents/Base.git",
                "reference": "1.8"
            },
            "dist": {
                "type": "zip",
                "url": "https://github.com/zetacomponents/Base/zipball/1.8",
                "reference": "1.8",
                "shasum": ""
            },
            "time": "2009-12-21 04:14:16",
            "type": "library",
            "installation-source": "dist",
            "autoload": {
                "classmap": [
                    "src"
                ]
            },
            "notification-url": "https://packagist.org/downloads/",
            "license": [
                "apache2"
            ],
            "authors": [
                {
                    "name": "Sergey Alexeev"
                },
                {
                    "name": "Sebastian Bergmann"
                },
                {
                    "name": "Jan Borsodi"
                },
                {
                    "name": "Raymond Bosman"
                },
                {
                    "name": "Frederik Holljen"
                },
                {
                    "name": "Kore Nordmann"
                },
                {
                    "name": "Derick Rethans"
                },
                {
                    "name": "Vadym Savchuk"
                },
                {
                    "name": "Tobias Schlitt"
                },
                {
                    "name": "Alexandru Stanoi"
                }
            ],
            "description": "The Base package provides the basic infrastructure that all packages rely on. Therefore every component relies on this package.",
            "homepage": "https://github.com/zetacomponents"
        },
        {
            "name": "zetacomponents/console-tools",
            "version": "1.6",
            "source": {
                "type": "git",
                "url": "https://github.com/zetacomponents/ConsoleTools.git",
                "reference": "1.6"
            },
            "dist": {
                "type": "zip",
                "url": "https://github.com/zetacomponents/ConsoleTools/zipball/1.6",
                "reference": "1.6",
                "shasum": ""
            },
            "time": "2009-12-21 04:19:33",
            "type": "library",
            "installation-source": "dist",
            "autoload": {
                "classmap": [
                    "src"
                ]
            },
            "notification-url": "https://packagist.org/downloads/",
            "license": [
                "apache2"
            ],
            "authors": [
                {
                    "name": "Sergey Alexeev"
                },
                {
                    "name": "Sebastian Bergmann"
                },
                {
                    "name": "Jan Borsodi"
                },
                {
                    "name": "Raymond Bosman"
                },
                {
                    "name": "Frederik Holljen"
                },
                {
                    "name": "Kore Nordmann"
                },
                {
                    "name": "Derick Rethans"
                },
                {
                    "name": "Vadym Savchuk"
                },
                {
                    "name": "Tobias Schlitt"
                },
                {
                    "name": "Alexandru Stanoi"
                }
            ],
            "description": "A set of classes to do different actions with the console (also called shell). It can render a progress bar, tables and a status bar and contains a class for parsing command line options.",
            "homepage": "https://github.com/zetacomponents"
        }
    ],
    "packages-dev": null,
    "aliases": [

    ],
    "minimum-stability": "stable",
    "stability-flags": {
        "shonm/php-resque": 20,
        "mtdowling/cron-expression": 20
    }
}
